
Microsoft Visual Studio Solution File, Format Version 12.00
# Visual Studio Version 17
VisualStudioVersion = 17.1.32210.238
MinimumVisualStudioVersion = 10.0.40219.1
Project("{FAE04EC0-301F-11D3-BF4B-00C04F79EFBC}") = "30.03.22.task2", "30.03.22.task2\30.03.22.task2.csproj", "{601F046B-D57D-4B30-9E1D-48B8F6F0325C}"
EndProject
Global
	GlobalSection(SolutionConfigurationPlatforms) = preSolution
		Debug|Any CPU = Debug|Any CPU
		Release|Any CPU = Release|Any CPU
	EndGlobalSection
	GlobalSection(ProjectConfigurationPlatforms) = postSolution
		{601F046B-D57D-4B30-9E1D-48B8F6F0325C}.Debug|Any CPU.ActiveCfg = Debug|Any CPU
		{601F046B-D57D-4B30-9E1D-48B8F6F0325C}.Debug|Any CPU.Build.0 = Debug|Any CPU
		{601F046B-D57D-4B30-9E1D-48B8F6F0325C}.Release|Any CPU.ActiveCfg = Release|Any CPU
		{601F046B-D57D-4B30-9E1D-48B8F6F0325C}.Release|Any CPU.Build.0 = Release|Any CPU
	EndGlobalSection
	GlobalSection(SolutionProperties) = preSolution
		HideSolutionNode = FALSE
	EndGlobalSection
	GlobalSection(ExtensibilityGlobals) = postSolution
		SolutionGuid = {669BCBFB-1EAC-4E05-9918-BA95D1CB7470}
	EndGlobalSection
EndGlobal
